{
  "name": "package-test",
  "version": "1.0.0",
  "lockfileVersion": 3,
  "requires": true,
  "packages": {
    "": {
      "name": "package-test",
      "version": "1.0.0",
      "license": "ISC",
      "dependencies": {
        "@iago-syspro/npm-test": "^1.0.0"
      }
    },
    "node_modules/@iago-syspro/npm-test": {
      "version": "1.0.0",
      "resolved": "https://npm.pkg.github.com/download/@iago-syspro/npm-test/1.0.0/c1e27ce02c5aaf251d727ade9e2db30a58cdd215",
      "integrity": "sha512-GVTSpY93d5wFMNYPmtUfZ2hhOxfzq/M4nIA9Z3h1ibtBkGpHbOsglJdinK/X4zvWEt02TPvUuWXJH0JdqNlqZA==",
      "license": "ISC"
    }
  }
}
